// !$*UTF8*$!
{
	archiveVersion = 1;
	classes = {
	};
	objectVersion = 50;
	objects = {

/* Begin PBXBuildFile section */
		C88109B02241F7070037BDB9 /* AppDelegate.swift in Sources */ = {isa = PBXBuildFile; fileRef = C88109AF2241F7070037BDB9 /* AppDelegate.swift */; };
		C88109B22241F7070037BDB9 /* ViewController.swift in Sources */ = {isa = PBXBuildFile; fileRef = C88109B12241F7070037BDB9 /* ViewController.swift */; };
		C88109B52241F7070037BDB9 /* Main.storyboard in Resources */ = {isa = PBXBuildFile; fileRef = C88109B32241F7070037BDB9 /* Main.storyboard */; };
		C88109B82241F7070037BDB9 /* HugsAndBugs.xcdatamodeld in Sources */ = {isa = PBXBuildFile; fileRef = C88109B62241F7070037BDB9 /* HugsAndBugs.xcdatamodeld */; };
		C88109BA2241F7100037BDB9 /* Assets.xcassets in Resources */ = {isa = PBXBuildFile; fileRef = C88109B92241F7100037BDB9 /* Assets.xcassets */; };
		C88109BD2241F7100037BDB9 /* LaunchScreen.storyboard in Resources */ = {isa = PBXBuildFile; fileRef = C88109BB2241F7100037BDB9 /* LaunchScreen.storyboard */; };
		C88109C82241F7100037BDB9 /* HugsAndBugsTests.swift in Sources */ = {isa = PBXBuildFile; fileRef = C88109C72241F7100037BDB9 /* HugsAndBugsTests.swift */; };
/* End PBXBuildFile section */

/* Begin PBXContainerItemProxy section */
		C88109C42241F7100037BDB9 /* PBXContainerItemProxy */ = {
			isa = PBXContainerItemProxy;
			containerPortal = C88109A42241F7070037BDB9 /* Project object */;
			proxyType = 1;
			remoteGlobalIDString = C88109AB2241F7070037BDB9;
			remoteInfo = HugsAndBugs;
		};
/* End PBXContainerItemProxy section */

/* Begin PBXFileReference section */
		C88109AC2241F7070037BDB9 /* HugsAndBugs.app */ = {isa = PBXFileReference; explicitFileType = wrapper.application; includeInIndex = 0; path = HugsAndBugs.app; sourceTree = BUILT_PRODUCTS_DIR; };
		C88109AF2241F7070037BDB9 /* AppDelegate.swift */ = {isa = PBXFileReference; lastKnownFileType = sourcecode.swift; path = AppDelegate.swift; sourceTree = "<group>"; };
		C88109B12241F7070037BDB9 /* ViewController.swift */ = {isa = PBXFileReference; lastKnownFileType = sourcecode.swift; path = ViewController.swift; sourceTree = "<group>"; };
		C88109B42241F7070037BDB9 /* Base */ = {isa = PBXFileReference; lastKnownFileType = file.storyboard; name = Base; path = Base.lproj/Main.storyboard; sourceTree = "<group>"; };
		C88109B72241F7070037BDB9 /* HugsAndBugs.xcdatamodel */ = {isa = PBXFileReference; lastKnownFileType = wrapper.xcdatamodel; path = HugsAndBugs.xcdatamodel; sourceTree = "<group>"; };
		C88109B92241F7100037BDB9 /* Assets.xcassets */ = {isa = PBXFileReference; lastKnownFileType = folder.assetcatalog; path = Assets.xcassets; sourceTree = "<group>"; };
		C88109BC2241F7100037BDB9 /* Base */ = {isa = PBXFileReference; lastKnownFileType = file.storyboard; name = Base; path = Base.lproj/LaunchScreen.storyboard; sourceTree = "<group>"; };
		C88109BE2241F7100037BDB9 /* Info.plist */ = {isa = PBXFileReference; lastKnownFileType = text.plist.xml; path = Info.plist; sourceTree = "<group>"; };
		C88109C32241F7100037BDB9 /* HugsAndBugsTests.xctest */ = {isa = PBXFileReference; explicitFileType = wrapper.cfbundle; includeInIndex = 0; path = HugsAndBugsTests.xctest; sourceTree = BUILT_PRODUCTS_DIR; };
		C88109C72241F7100037BDB9 /* HugsAndBugsTests.swift */ = {isa = PBXFileReference; lastKnownFileType = sourcecode.swift; path = HugsAndBugsTests.swift; sourceTree = "<group>"; };
		C88109C92241F7100037BDB9 /* Info.plist */ = {isa = PBXFileReference; lastKnownFileType = text.plist.xml; path = Info.plist; sourceTree = "<group>"; };
/* End PBXFileReference section */

/* Begin PBXFrameworksBuildPhase section */
		C88109A92241F7070037BDB9 /* Frameworks */ = {
			isa = PBXFrameworksBuildPhase;
			buildActionMask = 2147483647;
			files = (
			);
			runOnlyForDeploymentPostprocessing = 0;
		};
		C88109C02241F7100037BDB9 /* Frameworks */ = {
			isa = PBXFrameworksBuildPhase;
			buildActionMask = 2147483647;
			files = (
			);
			runOnlyForDeploymentPostprocessing = 0;
		};
/* End PBXFrameworksBuildPhase section */

/* Begin PBXGroup section */
		C88109A32241F7070037BDB9 = {
			isa = PBXGroup;
			children = (
				C88109AE2241F7070037BDB9 /* HugsAndBugs */,
				C88109C62241F7100037BDB9 /* HugsAndBugsTests */,
				C88109AD2241F7070037BDB9 /* Products */,
			);
			sourceTree = "<group>";
		};
		C88109AD2241F7070037BDB9 /* Products */ = {
			isa = PBXGroup;
			children = (
				C88109AC2241F7070037BDB9 /* HugsAndBugs.app */,
				C88109C32241F7100037BDB9 /* HugsAndBugsTests.xctest */,
			);
			name = Products;
			sourceTree = "<group>";
		};
		C88109AE2241F7070037BDB9 /* HugsAndBugs */ = {
			isa = PBXGroup;
			children = (
				C88109AF2241F7070037BDB9 /* AppDelegate.swift */,
				C88109B12241F7070037BDB9 /* ViewController.swift */,
				C88109B32241F7070037BDB9 /* Main.storyboard */,
				C88109B92241F7100037BDB9 /* Assets.xcassets */,
				C88109BB2241F7100037BDB9 /* LaunchScreen.storyboard */,
				C88109BE2241F7100037BDB9 /* Info.plist */,
				C88109B62241F7070037BDB9 /* HugsAndBugs.xcdatamodeld */,
			);
			path = HugsAndBugs;
			sourceTree = "<group>";
		};
		C88109C62241F7100037BDB9 /* HugsAndBugsTests */ = {
			isa = PBXGroup;
			children = (
				C88109C72241F7100037BDB9 /* HugsAndBugsTests.swift */,
				C88109C92241F7100037BDB9 /* Info.plist */,
			);
			path = HugsAndBugsTests;
			sourceTree = "<group>";
		};
/* End PBXGroup section */

/* Begin PBXNativeTarget section */
		C88109AB2241F7070037BDB9 /* HugsAndBugs */ = {
			isa = PBXNativeTarget;
			buildConfigurationList = C88109CC2241F7100037BDB9 /* Build configuration list for PBXNativeTarget "HugsAndBugs" */;
			buildPhases = (
				C88109A82241F7070037BDB9 /* Sources */,
				C88109A92241F7070037BDB9 /* Frameworks */,
				C88109AA2241F7070037BDB9 /* Resources */,
			);
			buildRules = (
			);
			dependencies = (
			);
			name = HugsAndBugs;
			productName = HugsAndBugs;
			productReference = C88109AC2241F7070037BDB9 /* HugsAndBugs.app */;
			productType = "com.apple.product-type.application";
		};
		C88109C22241F7100037BDB9 /* HugsAndBugsTests */ = {
			isa = PBXNativeTarget;
			buildConfigurationList = C88109CF2241F7100037BDB9 /* Build configuration list for PBXNativeTarget "HugsAndBugsTests" */;
			buildPhases = (
				C88109BF2241F7100037BDB9 /* Sources */,
				C88109C02241F7100037BDB9 /* Frameworks */,
				C88109C12241F7100037BDB9 /* Resources */,
			);
			buildRules = (
			);
			dependencies = (
				C88109C52241F7100037BDB9 /* PBXTargetDependency */,
			);
			name = HugsAndBugsTests;
			productName = HugsAndBugsTests;
			productReference = C88109C32241F7100037BDB9 /* HugsAndBugsTests.xctest */;
			productType = "com.apple.product-type.bundle.unit-test";
		};
/* End PBXNativeTarget section */

/* Begin PBXProject section */
		C88109A42241F7070037BDB9 /* Project object */ = {
			isa = PBXProject;
			attributes = {
				LastSwiftUpdateCheck = 1010;
				LastUpgradeCheck = 1010;
				ORGANIZATIONNAME = dwilliams;
				TargetAttributes = {
					C88109AB2241F7070037BDB9 = {
						CreatedOnToolsVersion = 10.1;
					};
					C88109C22241F7100037BDB9 = {
						CreatedOnToolsVersion = 10.1;
						TestTargetID = C88109AB2241F7070037BDB9;
					};
				};
			};
			buildConfigurationList = C88109A72241F7070037BDB9 /* Build configuration list for PBXProject "HugsAndBugs" */;
			compatibilityVersion = "Xcode 9.3";
			developmentRegion = en;
			hasScannedForEncodings = 0;
			knownRegions = (
				en,
				Base,
			);
			mainGroup = C88109A32241F7070037BDB9;
			productRefGroup = C88109AD2241F7070037BDB9 /* Products */;
			projectDirPath = "";
			projectRoot = "";
			targets = (
				C88109AB2241F7070037BDB9 /* HugsAndBugs */,
				C88109C22241F7100037BDB9 /* HugsAndBugsTests */,
			);
		};
/* End PBXProject section */

/* Begin PBXResourcesBuildPhase section */
		C88109AA2241F7070037BDB9 /* Resources */ = {
			isa = PBXResourcesBuildPhase;
			buildActionMask = 2147483647;
			files = (
				C88109BD2241F7100037BDB9 /* LaunchScreen.storyboard in Resources */,
				C88109BA2241F7100037BDB9 /* Assets.xcassets in Resources */,
				C88109B52241F7070037BDB9 /* Main.storyboard in Resources */,
			);
			runOnlyForDeploymentPostprocessing = 0;
		};
		C88109C12241F7100037BDB9 /* Resources */ = {
			isa = PBXResourcesBuildPhase;
			buildActionMask = 2147483647;
			files = (
			);
			runOnlyForDeploymentPostprocessing = 0;
		};
/* End PBXResourcesBuildPhase section */

/* Begin PBXSourcesBuildPhase section */
		C88109A82241F7070037BDB9 /* Sources */ = {
			isa = PBXSourcesBuildPhase;
			buildActionMask = 2147483647;
			files = (
				C88109B82241F7070037BDB9 /* HugsAndBugs.xcdatamodeld in Sources */,
				C88109B22241F7070037BDB9 /* ViewController.swift in Sources */,
				C88109B02241F7070037BDB9 /* AppDelegate.swift in Sources */,
			);
			runOnlyForDeploymentPostprocessing = 0;
		};
		C88109BF2241F7100037BDB9 /* Sources */ = {
			isa = PBXSourcesBuildPhase;
			buildActionMask = 2147483647;
			files = (
				C88109C82241F7100037BDB9 /* HugsAndBugsTests.swift in Sources */,
			);
			runOnlyForDeploymentPostprocessing = 0;
		};
/* End PBXSourcesBuildPhase section */

/* Begin PBXTargetDependency section */
		C88109C52241F7100037BDB9 /* PBXTargetDependency */ = {
			isa = PBXTargetDependency;
			target = C88109AB2241F7070037BDB9 /* HugsAndBugs */;
			targetProxy = C88109C42241F7100037BDB9 /* PBXContainerItemProxy */;
		};
/* End PBXTargetDependency section */

/* Begin PBXVariantGroup section */
		C88109B32241F7070037BDB9 /* Main.storyboard */ = {
			isa = PBXVariantGroup;
			children = (
				C88109B42241F7070037BDB9 /* Base */,
			);
			name = Main.storyboard;
			sourceTree = "<group>";
		};
		C88109BB2241F7100037BDB9 /* LaunchScreen.storyboard */ = {
			isa = PBXVariantGroup;
			children = (
				C88109BC2241F7100037BDB9 /* Base */,
			);
			name = LaunchScreen.storyboard;
			sourceTree = "<group>";
		};
/* End PBXVariantGroup section */

/* Begin XCBuildConfiguration section */
		C88109CA2241F7100037BDB9 /* Debug */ = {
			isa = XCBuildConfiguration;
			buildSettings = {
				ALWAYS_SEARCH_USER_PATHS = NO;
				CLANG_ANALYZER_NONNULL = YES;
				CLANG_ANALYZER_NUMBER_OBJECT_CONVERSION = YES_AGGRESSIVE;
				CLANG_CXX_LANGUAGE_STANDARD = "gnu++14";
				CLANG_CXX_LIBRARY = "libc++";
				CLANG_ENABLE_MODULES = YES;
				CLANG_ENABLE_OBJC_ARC = YES;
				CLANG_ENABLE_OBJC_WEAK = YES;
				CLANG_WARN_BLOCK_CAPTURE_AUTORELEASING = YES;
				CLANG_WARN_BOOL_CONVERSION = YES;
				CLANG_WARN_COMMA = YES;
				CLANG_WARN_CONSTANT_CONVERSION = YES;
				CLANG_WARN_DEPRECATED_OBJC_IMPLEMENTATIONS = YES;
				CLANG_WARN_DIRECT_OBJC_ISA_USAGE = YES_ERROR;
				CLANG_WARN_DOCUMENTATION_COMMENTS = YES;
				CLANG_WARN_EMPTY_BODY = YES;
				CLANG_WARN_ENUM_CONVERSION = YES;
				CLANG_WARN_INFINITE_RECURSION = YES;
				CLANG_WARN_INT_CONVERSION = YES;
				CLANG_WARN_NON_LITERAL_NULL_CONVERSION = YES;
				CLANG_WARN_OBJC_IMPLICIT_RETAIN_SELF = YES;
				CLANG_WARN_OBJC_LITERAL_CONVERSION = YES;
				CLANG_WARN_OBJC_ROOT_CLASS = YES_ERROR;
				CLANG_WARN_RANGE_LOOP_ANALYSIS = YES;
				CLANG_WARN_STRICT_PROTOTYPES = YES;
				CLANG_WARN_SUSPICIOUS_MOVE = YES;
				CLANG_WARN_UNGUARDED_AVAILABILITY = YES_AGGRESSIVE;
				CLANG_WARN_UNREACHABLE_CODE = YES;
				CLANG_WARN__DUPLICATE_METHOD_MATCH = YES;
				CODE_SIGN_IDENTITY = "iPhone Developer";
				COPY_PHASE_STRIP = NO;
				DEBUG_INFORMATION_FORMAT = dwarf;
				ENABLE_STRICT_OBJC_MSGSEND = YES;
				ENABLE_TESTABILITY = YES;
				GCC_C_LANGUAGE_STANDARD = gnu11;
				GCC_DYNAMIC_NO_PIC = NO;
				GCC_NO_COMMON_BLOCKS = YES;
				GCC_OPTIMIZATION_LEVEL = 0;
				GCC_PREPROCESSOR_DEFINITIONS = (
					"DEBUG=1",
					"$(inherited)",
				);
				GCC_WARN_64_TO_32_BIT_CONVERSION = YES;
				GCC_WARN_ABOUT_RETURN_TYPE = YES_ERROR;
				GCC_WARN_UNDECLARED_SELECTOR = YES;
				GCC_WARN_UNINITIALIZED_AUTOS = YES_AGGRESSIVE;
				GCC_WARN_UNUSED_FUNCTION = YES;
				GCC_WARN_UNUSED_VARIABLE = YES;
				IPHONEOS_DEPLOYMENT_TARGET = 12.1;
				MTL_ENABLE_DEBUG_INFO = INCLUDE_SOURCE;
				MTL_FAST_MATH = YES;
				ONLY_ACTIVE_ARCH = YES;
				SDKROOT = iphoneos;
				SWIFT_ACTIVE_COMPILATION_CONDITIONS = DEBUG;
				SWIFT_OPTIMIZATION_LEVEL = "-Onone";
			};
			name = Debug;
		};
		C88109CB2241F7100037BDB9 /* Release */ = {
			isa = XCBuildConfiguration;
			buildSettings = {
				ALWAYS_SEARCH_USER_PATHS = NO;
				CLANG_ANALYZER_NONNULL = YES;
				CLANG_ANALYZER_NUMBER_OBJECT_CONVERSION = YES_AGGRESSIVE;
				CLANG_CXX_LANGUAGE_STANDARD = "gnu++14";
				CLANG_CXX_LIBRARY = "libc++";
				CLANG_ENABLE_MODULES = YES;
				CLANG_ENABLE_OBJC_ARC = YES;
				CLANG_ENABLE_OBJC_WEAK = YES;
				CLANG_WARN_BLOCK_CAPTURE_AUTORELEASING = YES;
				CLANG_WARN_BOOL_CONVERSION = YES;
				CLANG_WARN_COMMA = YES;
				CLANG_WARN_CONSTANT_CONVERSION = YES;
				CLANG_WARN_DEPRECATED_OBJC_IMPLEMENTATIONS = YES;
				CLANG_WARN_DIRECT_OBJC_ISA_USAGE = YES_ERROR;
				CLANG_WARN_DOCUMENTATION_COMMENTS = YES;
				CLANG_WARN_EMPTY_BODY = YES;
				CLANG_WARN_ENUM_CONVERSION = YES;
				CLANG_WARN_INFINITE_RECURSION = YES;
				CLANG_WARN_INT_CONVERSION = YES;
				CLANG_WARN_NON_LITERAL_NULL_CONVERSION = YES;
				CLANG_WARN_OBJC_IMPLICIT_RETAIN_SELF = YES;
				CLANG_WARN_OBJC_LITERAL_CONVERSION = YES;
				CLANG_WARN_OBJC_ROOT_CLASS = YES_ERROR;
				CLANG_WARN_RANGE_LOOP_ANALYSIS = YES;
				CLANG_WARN_STRICT_PROTOTYPES = YES;
				CLANG_WARN_SUSPICIOUS_MOVE = YES;
				CLANG_WARN_UNGUARDED_AVAILABILITY = YES_AGGRESSIVE;
				CLANG_WARN_UNREACHABLE_CODE = YES;
				CLANG_WARN__DUPLICATE_METHOD_MATCH = YES;
				CODE_SIGN_IDENTITY = "iPhone Developer";
				COPY_PHASE_STRIP = NO;
				DEBUG_INFORMATION_FORMAT = "dwarf-with-dsym";
				ENABLE_NS_ASSERTIONS = NO;
				ENABLE_STRICT_OBJC_MSGSEND = YES;
				GCC_C_LANGUAGE_STANDARD = gnu11;
				GCC_NO_COMMON_BLOCKS = YES;
				GCC_WARN_64_TO_32_BIT_CONVERSION = YES;
				GCC_WARN_ABOUT_RETURN_TYPE = YES_ERROR;
				GCC_WARN_UNDECLARED_SELECTOR = YES;
				GCC_WARN_UNINITIALIZED_AUTOS = YES_AGGRESSIVE;
				GCC_WARN_UNUSED_FUNCTION = YES;
				GCC_WARN_UNUSED_VARIABLE = YES;
				IPHONEOS_DEPLOYMENT_TARGET = 12.1;
				MTL_ENABLE_DEBUG_INFO = NO;
				MTL_FAST_MATH = YES;
				SDKROOT = iphoneos;
				SWIFT_COMPILATION_MODE = wholemodule;
				SWIFT_OPTIMIZATION_LEVEL = "-O";
				VALIDATE_PRODUCT = YES;
			};
			name = Release;
		};
		C88109CD2241F7100037BDB9 /* Debug */ = {
			isa = XCBuildConfiguration;
			buildSettings = {
				ASSETCATALOG_COMPILER_APPICON_NAME = AppIcon;
				CODE_SIGN_STYLE = Automatic;
				DEVELOPMENT_TEAM = BU644T4498;
				INFOPLIST_FILE = HugsAndBugs/Info.plist;
				LD_RUNPATH_SEARCH_PATHS = (
					"$(inherited)",
					"@executable_path/Frameworks",
				);
				PRODUCT_BUNDLE_IDENTIFIER = com.hug.and.bugs.HugsAndBugs;
				PRODUCT_NAME = "$(TARGET_NAME)";
				SWIFT_VERSION = 4.2;
				TARGETED_DEVICE_FAMILY = "1,2";
			};
			name = Debug;
		};
		C88109CE2241F7100037BDB9 /* Release */ = {
			isa = XCBuildConfiguration;
			buildSettings = {
				ASSETCATALOG_COMPILER_APPICON_NAME = AppIcon;
				CODE_SIGN_STYLE = Automatic;
				DEVELOPMENT_TEAM = BU644T4498;
				INFOPLIST_FILE = HugsAndBugs/Info.plist;
				LD_RUNPATH_SEARCH_PATHS = (
					"$(inherited)",
					"@executable_path/Frameworks",
				);
				PRODUCT_BUNDLE_IDENTIFIER = com.hug.and.bugs.HugsAndBugs;
				PRODUCT_NAME = "$(TARGET_NAME)";
				SWIFT_VERSION = 4.2;
				TARGETED_DEVICE_FAMILY = "1,2";
			};
			name = Release;
		};
		C88109D02241F7100037BDB9 /* Debug */ = {
			isa = XCBuildConfiguration;
			buildSettings = {
				ALWAYS_EMBED_SWIFT_STANDARD_LIBRARIES = YES;
				BUNDLE_LOADER = "$(TEST_HOST)";
				CODE_SIGN_STYLE = Automatic;
				DEVELOPMENT_TEAM = BU644T4498;
				INFOPLIST_FILE = HugsAndBugsTests/Info.plist;
				LD_RUNPATH_SEARCH_PATHS = (
					"$(inherited)",
					"@executable_path/Frameworks",
					"@loader_path/Frameworks",
				);
				PRODUCT_BUNDLE_IDENTIFIER = com.hug.and.bugs.HugsAndBugsTests;
				PRODUCT_NAME = "$(TARGET_NAME)";
				SWIFT_VERSION = 4.2;
				TARGETED_DEVICE_FAMILY = "1,2";
				TEST_HOST = "$(BUILT_PRODUCTS_DIR)/HugsAndBugs.app/HugsAndBugs";
			};
			name = Debug;
		};
		C88109D12241F7100037BDB9 /* Release */ = {
			isa = XCBuildConfiguration;
			buildSettings = {
				ALWAYS_EMBED_SWIFT_STANDARD_LIBRARIES = YES;
				BUNDLE_LOADER = "$(TEST_HOST)";
				CODE_SIGN_STYLE = Automatic;
				DEVELOPMENT_TEAM = BU644T4498;
				INFOPLIST_FILE = HugsAndBugsTests/Info.plist;
				LD_RUNPATH_SEARCH_PATHS = (
					"$(inherited)",
					"@executable_path/Frameworks",
					"@loader_path/Frameworks",
				);
				PRODUCT_BUNDLE_IDENTIFIER = com.hug.and.bugs.HugsAndBugsTests;
				PRODUCT_NAME = "$(TARGET_NAME)";
				SWIFT_VERSION = 4.2;
				TARGETED_DEVICE_FAMILY = "1,2";
				TEST_HOST = "$(BUILT_PRODUCTS_DIR)/HugsAndBugs.app/HugsAndBugs";
			};
			name = Release;
		};
/* End XCBuildConfiguration section */

/* Begin XCConfigurationList section */
		C88109A72241F7070037BDB9 /* Build configuration list for PBXProject "HugsAndBugs" */ = {
			isa = XCConfigurationList;
			buildConfigurations = (
				C88109CA2241F7100037BDB9 /* Debug */,
				C88109CB2241F7100037BDB9 /* Release */,
			);
			defaultConfigurationIsVisible = 0;
			defaultConfigurationName = Release;
		};
		C88109CC2241F7100037BDB9 /* Build configuration list for PBXNativeTarget "HugsAndBugs" */ = {
			isa = XCConfigurationList;
			buildConfigurations = (
				C88109CD2241F7100037BDB9 /* Debug */,
				C88109CE2241F7100037BDB9 /* Release */,
			);
			defaultConfigurationIsVisible = 0;
			defaultConfigurationName = Release;
		};
		C88109CF2241F7100037BDB9 /* Build configuration list for PBXNativeTarget "HugsAndBugsTests" */ = {
			isa = XCConfigurationList;
			buildConfigurations = (
				C88109D02241F7100037BDB9 /* Debug */,
				C88109D12241F7100037BDB9 /* Release */,
			);
			defaultConfigurationIsVisible = 0;
			defaultConfigurationName = Release;
		};
/* End XCConfigurationList section */

/* Begin XCVersionGroup section */
		C88109B62241F7070037BDB9 /* HugsAndBugs.xcdatamodeld */ = {
			isa = XCVersionGroup;
			children = (
				C88109B72241F7070037BDB9 /* HugsAndBugs.xcdatamodel */,
			);
			currentVersion = C88109B72241F7070037BDB9 /* HugsAndBugs.xcdatamodel */;
			path = HugsAndBugs.xcdatamodeld;
			sourceTree = "<group>";
			versionGroupType = wrapper.xcdatamodel;
		};
/* End XCVersionGroup section */
	};
	rootObject = C88109A42241F7070037BDB9 /* Project object */;
}
